
Microsoft Visual Studio Solution File, Format Version 12.00
# Visual Studio Version 16
VisualStudioVersion = 16.0.31205.134
MinimumVisualStudioVersion = 10.0.40219.1
Project("{FAE04EC0-301F-11D3-BF4B-00C04F79EFBC}") = "AutomatedFunctionalTesting", "AutomatedFunctionalTesting\AutomatedFunctionalTesting.csproj", "{4F129C80-FF5D-4099-962B-72C70710B73A}"
EndProject
Global
	GlobalSection(SolutionConfigurationPlatforms) = preSolution
		Debug|Any CPU = Debug|Any CPU
		Release|Any CPU = Release|Any CPU
	EndGlobalSection
	GlobalSection(ProjectConfigurationPlatforms) = postSolution
		{4F129C80-FF5D-4099-962B-72C70710B73A}.Debug|Any CPU.ActiveCfg = Debug|Any CPU
		{4F129C80-FF5D-4099-962B-72C70710B73A}.Debug|Any CPU.Build.0 = Debug|Any CPU
		{4F129C80-FF5D-4099-962B-72C70710B73A}.Release|Any CPU.ActiveCfg = Release|Any CPU
		{4F129C80-FF5D-4099-962B-72C70710B73A}.Release|Any CPU.Build.0 = Release|Any CPU
	EndGlobalSection
	GlobalSection(SolutionProperties) = preSolution
		HideSolutionNode = FALSE
	EndGlobalSection
	GlobalSection(ExtensibilityGlobals) = postSolution
		SolutionGuid = {48EB182C-6C93-4EE8-8DD9-926DB0E26CC7}
	EndGlobalSection
EndGlobal
